// !$*UTF8*$!
{
	archiveVersion = 1;
	classes = {
	};
	objectVersion = 48;
	objects = {

/* Begin PBXBuildFile section */
		374DB5D720374D10005F1C97 /* AppDelegate.swift in Sources */ = {isa = PBXBuildFile; fileRef = 374DB5D620374D10005F1C97 /* AppDelegate.swift */; };
		374DB5D920374D10005F1C97 /* ViewController.swift in Sources */ = {isa = PBXBuildFile; fileRef = 374DB5D820374D10005F1C97 /* ViewController.swift */; };
		374DB5DC20374D10005F1C97 /* Main.storyboard in Resources */ = {isa = PBXBuildFile; fileRef = 374DB5DA20374D10005F1C97 /* Main.storyboard */; };
		374DB5DE20374D10005F1C97 /* Assets.xcassets in Resources */ = {isa = PBXBuildFile; fileRef = 374DB5DD20374D10005F1C97 /* Assets.xcassets */; };
		374DB5E120374D10005F1C97 /* LaunchScreen.storyboard in Resources */ = {isa = PBXBuildFile; fileRef = 374DB5DF20374D10005F1C97 /* LaunchScreen.storyboard */; };
		37A7B1C22038658500BB2F37 /* User.swift in Sources */ = {isa = PBXBuildFile; fileRef = 37A7B1C12038658500BB2F37 /* User.swift */; };
/* End PBXBuildFile section */

/* Begin PBXFileReference section */
		374DB5D320374D10005F1C97 /* pratica_programacion_ios.app */ = {isa = PBXFileReference; explicitFileType = wrapper.application; includeInIndex = 0; path = pratica_programacion_ios.app; sourceTree = BUILT_PRODUCTS_DIR; };
		374DB5D620374D10005F1C97 /* AppDelegate.swift */ = {isa = PBXFileReference; lastKnownFileType = sourcecode.swift; path = AppDelegate.swift; sourceTree = "<group>"; };
		374DB5D820374D10005F1C97 /* ViewController.swift */ = {isa = PBXFileReference; lastKnownFileType = sourcecode.swift; path = ViewController.swift; sourceTree = "<group>"; };
		374DB5DB20374D10005F1C97 /* Base */ = {isa = PBXFileReference; lastKnownFileType = file.storyboard; name = Base; path = Base.lproj/Main.storyboard; sourceTree = "<group>"; };
		374DB5DD20374D10005F1C97 /* Assets.xcassets */ = {isa = PBXFileReference; lastKnownFileType = folder.assetcatalog; path = Assets.xcassets; sourceTree = "<group>"; };
		374DB5E020374D10005F1C97 /* Base */ = {isa = PBXFileReference; lastKnownFileType = file.storyboard; name = Base; path = Base.lproj/LaunchScreen.storyboard; sourceTree = "<group>"; };
		374DB5E220374D10005F1C97 /* Info.plist */ = {isa = PBXFileReference; lastKnownFileType = text.plist.xml; path = Info.plist; sourceTree = "<group>"; };
		37A7B1C12038658500BB2F37 /* User.swift */ = {isa = PBXFileReference; lastKnownFileType = sourcecode.swift; path = User.swift; sourceTree = "<group>"; };
/* End PBXFileReference section */

/* Begin PBXFrameworksBuildPhase section */
		374DB5D020374D10005F1C97 /* Frameworks */ = {
			isa = PBXFrameworksBuildPhase;
			buildActionMask = 2147483647;
			files = (
			);
			runOnlyForDeploymentPostprocessing = 0;
		};
/* End PBXFrameworksBuildPhase section */

/* Begin PBXGroup section */
		374DB5CA20374D10005F1C97 = {
			isa = PBXGroup;
			children = (
				374DB5D520374D10005F1C97 /* pratica_programacion_ios */,
				374DB5D420374D10005F1C97 /* Products */,
			);
			sourceTree = "<group>";
		};
		374DB5D420374D10005F1C97 /* Products */ = {
			isa = PBXGroup;
			children = (
				374DB5D320374D10005F1C97 /* pratica_programacion_ios.app */,
			);
			name = Products;
			sourceTree = "<group>";
		};
		374DB5D520374D10005F1C97 /* pratica_programacion_ios */ = {
			isa = PBXGroup;
			children = (
				37A7B1BE2038649200BB2F37 /* Model */,
				37A7B1BF2038649D00BB2F37 /* View */,
				37A7B1C0203864A500BB2F37 /* Controller */,
				374DB5DD20374D10005F1C97 /* Assets.xcassets */,
				374DB5DF20374D10005F1C97 /* LaunchScreen.storyboard */,
				374DB5E220374D10005F1C97 /* Info.plist */,
			);
			path = pratica_programacion_ios;
			sourceTree = "<group>";
		};
		37A7B1BE2038649200BB2F37 /* Model */ = {
			isa = PBXGroup;
			children = (
				37A7B1C12038658500BB2F37 /* User.swift */,
			);
			path = Model;
			sourceTree = "<group>";
		};
		37A7B1BF2038649D00BB2F37 /* View */ = {
			isa = PBXGroup;
			children = (
				374DB5DA20374D10005F1C97 /* Main.storyboard */,
			);
			path = View;
			sourceTree = "<group>";
		};
		37A7B1C0203864A500BB2F37 /* Controller */ = {
			isa = PBXGroup;
			children = (
				374DB5D620374D10005F1C97 /* AppDelegate.swift */,
				374DB5D820374D10005F1C97 /* ViewController.swift */,
			);
			path = Controller;
			sourceTree = "<group>";
		};
/* End PBXGroup section */

/* Begin PBXNativeTarget section */
		374DB5D220374D10005F1C97 /* pratica_programacion_ios */ = {
			isa = PBXNativeTarget;
			buildConfigurationList = 374DB5E520374D10005F1C97 /* Build configuration list for PBXNativeTarget "pratica_programacion_ios" */;
			buildPhases = (
				374DB5CF20374D10005F1C97 /* Sources */,
				374DB5D020374D10005F1C97 /* Frameworks */,
				374DB5D120374D10005F1C97 /* Resources */,
			);
			buildRules = (
			);
			dependencies = (
			);
			name = pratica_programacion_ios;
			productName = pratica_programacion_ios;
			productReference = 374DB5D320374D10005F1C97 /* pratica_programacion_ios.app */;
			productType = "com.apple.product-type.application";
		};
/* End PBXNativeTarget section */

/* Begin PBXProject section */
		374DB5CB20374D10005F1C97 /* Project object */ = {
			isa = PBXProject;
			attributes = {
				LastSwiftUpdateCheck = 0920;
				LastUpgradeCheck = 0920;
				ORGANIZATIONNAME = "Nuno Reis";
				TargetAttributes = {
					374DB5D220374D10005F1C97 = {
						CreatedOnToolsVersion = 9.2;
						ProvisioningStyle = Automatic;
					};
				};
			};
			buildConfigurationList = 374DB5CE20374D10005F1C97 /* Build configuration list for PBXProject "pratica_programacion_ios" */;
			compatibilityVersion = "Xcode 8.0";
			developmentRegion = en;
			hasScannedForEncodings = 0;
			knownRegions = (
				en,
				Base,
			);
			mainGroup = 374DB5CA20374D10005F1C97;
			productRefGroup = 374DB5D420374D10005F1C97 /* Products */;
			projectDirPath = "";
			projectRoot = "";
			targets = (
				374DB5D220374D10005F1C97 /* pratica_programacion_ios */,
			);
		};
/* End PBXProject section */

/* Begin PBXResourcesBuildPhase section */
		374DB5D120374D10005F1C97 /* Resources */ = {
			isa = PBXResourcesBuildPhase;
			buildActionMask = 2147483647;
			files = (
				374DB5E120374D10005F1C97 /* LaunchScreen.storyboard in Resources */,
				374DB5DE20374D10005F1C97 /* Assets.xcassets in Resources */,
				374DB5DC20374D10005F1C97 /* Main.storyboard in Resources */,
			);
			runOnlyForDeploymentPostprocessing = 0;
		};
/* End PBXResourcesBuildPhase section */

/* Begin PBXSourcesBuildPhase section */
		374DB5CF20374D10005F1C97 /* Sources */ = {
			isa = PBXSourcesBuildPhase;
			buildActionMask = 2147483647;
			files = (
				374DB5D920374D10005F1C97 /* ViewController.swift in Sources */,
				374DB5D720374D10005F1C97 /* AppDelegate.swift in Sources */,
				37A7B1C22038658500BB2F37 /* User.swift in Sources */,
			);
			runOnlyForDeploymentPostprocessing = 0;
		};
/* End PBXSourcesBuildPhase section */

/* Begin PBXVariantGroup section */
		374DB5DA20374D10005F1C97 /* Main.storyboard */ = {
			isa = PBXVariantGroup;
			children = (
				374DB5DB20374D10005F1C97 /* Base */,
			);
			name = Main.storyboard;
			sourceTree = "<group>";
		};
		374DB5DF20374D10005F1C97 /* LaunchScreen.storyboard */ = {
			isa = PBXVariantGroup;
			children = (
				374DB5E020374D10005F1C97 /* Base */,
			);
			name = LaunchScreen.storyboard;
			sourceTree = "<group>";
		};
/* End PBXVariantGroup section */

/* Begin XCBuildConfiguration section */
		374DB5E320374D10005F1C97 /* Debug */ = {
			isa = XCBuildConfiguration;
			buildSettings = {
				ALWAYS_SEARCH_USER_PATHS = NO;
				CLANG_ANALYZER_NONNULL = YES;
				CLANG_ANALYZER_NUMBER_OBJECT_CONVERSION = YES_AGGRESSIVE;
				CLANG_CXX_LANGUAGE_STANDARD = "gnu++14";
				CLANG_CXX_LIBRARY = "libc++";
				CLANG_ENABLE_MODULES = YES;
				CLANG_ENABLE_OBJC_ARC = YES;
				CLANG_WARN_BLOCK_CAPTURE_AUTORELEASING = YES;
				CLANG_WARN_BOOL_CONVERSION = YES;
				CLANG_WARN_COMMA = YES;
				CLANG_WARN_CONSTANT_CONVERSION = YES;
				CLANG_WARN_DIRECT_OBJC_ISA_USAGE = YES_ERROR;
				CLANG_WARN_DOCUMENTATION_COMMENTS = YES;
				CLANG_WARN_EMPTY_BODY = YES;
				CLANG_WARN_ENUM_CONVERSION = YES;
				CLANG_WARN_INFINITE_RECURSION = YES;
				CLANG_WARN_INT_CONVERSION = YES;
				CLANG_WARN_NON_LITERAL_NULL_CONVERSION = YES;
				CLANG_WARN_OBJC_LITERAL_CONVERSION = YES;
				CLANG_WARN_OBJC_ROOT_CLASS = YES_ERROR;
				CLANG_WARN_RANGE_LOOP_ANALYSIS = YES;
				CLANG_WARN_STRICT_PROTOTYPES = YES;
				CLANG_WARN_SUSPICIOUS_MOVE = YES;
				CLANG_WARN_UNGUARDED_AVAILABILITY = YES_AGGRESSIVE;
				CLANG_WARN_UNREACHABLE_CODE = YES;
				CLANG_WARN__DUPLICATE_METHOD_MATCH = YES;
				CODE_SIGN_IDENTITY = "iPhone Developer";
				COPY_PHASE_STRIP = NO;
				DEBUG_INFORMATION_FORMAT = dwarf;
				ENABLE_STRICT_OBJC_MSGSEND = YES;
				ENABLE_TESTABILITY = YES;
				GCC_C_LANGUAGE_STANDARD = gnu11;
				GCC_DYNAMIC_NO_PIC = NO;
				GCC_NO_COMMON_BLOCKS = YES;
				GCC_OPTIMIZATION_LEVEL = 0;
				GCC_PREPROCESSOR_DEFINITIONS = (
					"DEBUG=1",
					"$(inherited)",
				);
				GCC_WARN_64_TO_32_BIT_CONVERSION = YES;
				GCC_WARN_ABOUT_RETURN_TYPE = YES_ERROR;
				GCC_WARN_UNDECLARED_SELECTOR = YES;
				GCC_WARN_UNINITIALIZED_AUTOS = YES_AGGRESSIVE;
				GCC_WARN_UNUSED_FUNCTION = YES;
				GCC_WARN_UNUSED_VARIABLE = YES;
				IPHONEOS_DEPLOYMENT_TARGET = 11.2;
				MTL_ENABLE_DEBUG_INFO = YES;
				ONLY_ACTIVE_ARCH = YES;
				SDKROOT = iphoneos;
				SWIFT_ACTIVE_COMPILATION_CONDITIONS = DEBUG;
				SWIFT_OPTIMIZATION_LEVEL = "-Onone";
			};
			name = Debug;
		};
		374DB5E420374D10005F1C97 /* Release */ = {
			isa = XCBuildConfiguration;
			buildSettings = {
				ALWAYS_SEARCH_USER_PATHS = NO;
				CLANG_ANALYZER_NONNULL = YES;
				CLANG_ANALYZER_NUMBER_OBJECT_CONVERSION = YES_AGGRESSIVE;
				CLANG_CXX_LANGUAGE_STANDARD = "gnu++14";
				CLANG_CXX_LIBRARY = "libc++";
				CLANG_ENABLE_MODULES = YES;
				CLANG_ENABLE_OBJC_ARC = YES;
				CLANG_WARN_BLOCK_CAPTURE_AUTORELEASING = YES;
				CLANG_WARN_BOOL_CONVERSION = YES;
				CLANG_WARN_COMMA = YES;
				CLANG_WARN_CONSTANT_CONVERSION = YES;
				CLANG_WARN_DIRECT_OBJC_ISA_USAGE = YES_ERROR;
				CLANG_WARN_DOCUMENTATION_COMMENTS = YES;
				CLANG_WARN_EMPTY_BODY = YES;
				CLANG_WARN_ENUM_CONVERSION = YES;
				CLANG_WARN_INFINITE_RECURSION = YES;
				CLANG_WARN_INT_CONVERSION = YES;
				CLANG_WARN_NON_LITERAL_NULL_CONVERSION = YES;
				CLANG_WARN_OBJC_LITERAL_CONVERSION = YES;
				CLANG_WARN_OBJC_ROOT_CLASS = YES_ERROR;
				CLANG_WARN_RANGE_LOOP_ANALYSIS = YES;
				CLANG_WARN_STRICT_PROTOTYPES = YES;
				CLANG_WARN_SUSPICIOUS_MOVE = YES;
				CLANG_WARN_UNGUARDED_AVAILABILITY = YES_AGGRESSIVE;
				CLANG_WARN_UNREACHABLE_CODE = YES;
				CLANG_WARN__DUPLICATE_METHOD_MATCH = YES;
				CODE_SIGN_IDENTITY = "iPhone Developer";
				COPY_PHASE_STRIP = NO;
				DEBUG_INFORMATION_FORMAT = "dwarf-with-dsym";
				ENABLE_NS_ASSERTIONS = NO;
				ENABLE_STRICT_OBJC_MSGSEND = YES;
				GCC_C_LANGUAGE_STANDARD = gnu11;
				GCC_NO_COMMON_BLOCKS = YES;
				GCC_WARN_64_TO_32_BIT_CONVERSION = YES;
				GCC_WARN_ABOUT_RETURN_TYPE = YES_ERROR;
				GCC_WARN_UNDECLARED_SELECTOR = YES;
				GCC_WARN_UNINITIALIZED_AUTOS = YES_AGGRESSIVE;
				GCC_WARN_UNUSED_FUNCTION = YES;
				GCC_WARN_UNUSED_VARIABLE = YES;
				IPHONEOS_DEPLOYMENT_TARGET = 11.2;
				MTL_ENABLE_DEBUG_INFO = NO;
				SDKROOT = iphoneos;
				SWIFT_OPTIMIZATION_LEVEL = "-Owholemodule";
				VALIDATE_PRODUCT = YES;
			};
			name = Release;
		};
		374DB5E620374D10005F1C97 /* Debug */ = {
			isa = XCBuildConfiguration;
			buildSettings = {
				ASSETCATALOG_COMPILER_APPICON_NAME = AppIcon;
				CODE_SIGN_STYLE = Automatic;
				INFOPLIST_FILE = pratica_programacion_ios/Info.plist;
				LD_RUNPATH_SEARCH_PATHS = "$(inherited) @executable_path/Frameworks";
				PRODUCT_BUNDLE_IDENTIFIER = "com.nuno-reis.pratica-programacion-ios";
				PRODUCT_NAME = "$(TARGET_NAME)";
				SWIFT_VERSION = 4.0;
				TARGETED_DEVICE_FAMILY = "1,2";
			};
			name = Debug;
		};
		374DB5E720374D10005F1C97 /* Release */ = {
			isa = XCBuildConfiguration;
			buildSettings = {
				ASSETCATALOG_COMPILER_APPICON_NAME = AppIcon;
				CODE_SIGN_STYLE = Automatic;
				INFOPLIST_FILE = pratica_programacion_ios/Info.plist;
				LD_RUNPATH_SEARCH_PATHS = "$(inherited) @executable_path/Frameworks";
				PRODUCT_BUNDLE_IDENTIFIER = "com.nuno-reis.pratica-programacion-ios";
				PRODUCT_NAME = "$(TARGET_NAME)";
				SWIFT_VERSION = 4.0;
				TARGETED_DEVICE_FAMILY = "1,2";
			};
			name = Release;
		};
/* End XCBuildConfiguration section */

/* Begin XCConfigurationList section */
		374DB5CE20374D10005F1C97 /* Build configuration list for PBXProject "pratica_programacion_ios" */ = {
			isa = XCConfigurationList;
			buildConfigurations = (
				374DB5E320374D10005F1C97 /* Debug */,
				374DB5E420374D10005F1C97 /* Release */,
			);
			defaultConfigurationIsVisible = 0;
			defaultConfigurationName = Release;
		};
		374DB5E520374D10005F1C97 /* Build configuration list for PBXNativeTarget "pratica_programacion_ios" */ = {
			isa = XCConfigurationList;
			buildConfigurations = (
				374DB5E620374D10005F1C97 /* Debug */,
				374DB5E720374D10005F1C97 /* Release */,
			);
			defaultConfigurationIsVisible = 0;
			defaultConfigurationName = Release;
		};
/* End XCConfigurationList section */
	};
	rootObject = 374DB5CB20374D10005F1C97 /* Project object */;
}
